
Microsoft Visual Studio Solution File, Format Version 12.00
# Visual Studio Version 17
VisualStudioVersion = 17.10.34916.146
MinimumVisualStudioVersion = 10.0.40219.1
Project("{FAE04EC0-301F-11D3-BF4B-00C04F79EFBC}") = "KT-31-21MakarovIV", "KT-31-21MakarovIV\KT-31-21MakarovIV.csproj", "{A80D40B0-BDD9-4011-873F-D2E2FA35F9F2}"
EndProject
Global
	GlobalSection(SolutionConfigurationPlatforms) = preSolution
		Debug|Any CPU = Debug|Any CPU
		Release|Any CPU = Release|Any CPU
	EndGlobalSection
	GlobalSection(ProjectConfigurationPlatforms) = postSolution
		{A80D40B0-BDD9-4011-873F-D2E2FA35F9F2}.Debug|Any CPU.ActiveCfg = Debug|Any CPU
		{A80D40B0-BDD9-4011-873F-D2E2FA35F9F2}.Debug|Any CPU.Build.0 = Debug|Any CPU
		{A80D40B0-BDD9-4011-873F-D2E2FA35F9F2}.Release|Any CPU.ActiveCfg = Release|Any CPU
		{A80D40B0-BDD9-4011-873F-D2E2FA35F9F2}.Release|Any CPU.Build.0 = Release|Any CPU
	EndGlobalSection
	GlobalSection(SolutionProperties) = preSolution
		HideSolutionNode = FALSE
	EndGlobalSection
	GlobalSection(ExtensibilityGlobals) = postSolution
		SolutionGuid = {D5531C03-08E6-4422-BB34-70AD2151D18D}
	EndGlobalSection
EndGlobal
